
Microsoft Visual Studio Solution File, Format Version 12.00
Project("{2150E333-8FDC-42A3-9474-1A3956D46DE8}") = "src", "src", "{F532FC70-C281-4822-9834-8AE2298A8042}"
EndProject
Project("{2150E333-8FDC-42A3-9474-1A3956D46DE8}") = "client", "client", "{9B214CE5-0197-4B17-A147-46B985A197B8}"
EndProject
Project("{2150E333-8FDC-42A3-9474-1A3956D46DE8}") = "server", "server", "{CC0D2C44-1E6A-40C1-996C-2A048CD545E8}"
EndProject
Project("{FAE04EC0-301F-11D3-BF4B-00C04F79EFBC}") = "ePOS.API", "src\server\ePOS.API\ePOS.API.csproj", "{04B58961-2DDF-4DAE-A005-DA390F83CE54}"
EndProject
Project("{FAE04EC0-301F-11D3-BF4B-00C04F79EFBC}") = "ePOS.Domain", "src\server\ePOS.Domain\ePOS.Domain.csproj", "{58C6567E-4350-47F0-89BB-4AB6FE9ABEF2}"
EndProject
Project("{FAE04EC0-301F-11D3-BF4B-00C04F79EFBC}") = "ePOS.Application", "src\server\ePOS.Application\ePOS.Application.csproj", "{93720F60-BECF-4C7B-BE08-D1F18413993D}"
EndProject
Project("{FAE04EC0-301F-11D3-BF4B-00C04F79EFBC}") = "ePOS.Infrastructure", "src\server\ePOS.Infrastructure\ePOS.Infrastructure.csproj", "{42647367-6A27-4ED1-91C1-EA08A55199CF}"
EndProject
Project("{FAE04EC0-301F-11D3-BF4B-00C04F79EFBC}") = "ePOS.Client", "src\client\ePOS.Client\ePOS.Client.csproj", "{7911024E-5BF4-4119-A3EB-CCA966DF30D5}"
EndProject
Global
	GlobalSection(SolutionConfigurationPlatforms) = preSolution
		Debug|Any CPU = Debug|Any CPU
		Release|Any CPU = Release|Any CPU
	EndGlobalSection
	GlobalSection(NestedProjects) = preSolution
		{9B214CE5-0197-4B17-A147-46B985A197B8} = {F532FC70-C281-4822-9834-8AE2298A8042}
		{CC0D2C44-1E6A-40C1-996C-2A048CD545E8} = {F532FC70-C281-4822-9834-8AE2298A8042}
		{04B58961-2DDF-4DAE-A005-DA390F83CE54} = {CC0D2C44-1E6A-40C1-996C-2A048CD545E8}
		{58C6567E-4350-47F0-89BB-4AB6FE9ABEF2} = {CC0D2C44-1E6A-40C1-996C-2A048CD545E8}
		{93720F60-BECF-4C7B-BE08-D1F18413993D} = {CC0D2C44-1E6A-40C1-996C-2A048CD545E8}
		{42647367-6A27-4ED1-91C1-EA08A55199CF} = {CC0D2C44-1E6A-40C1-996C-2A048CD545E8}
		{7911024E-5BF4-4119-A3EB-CCA966DF30D5} = {9B214CE5-0197-4B17-A147-46B985A197B8}
	EndGlobalSection
	GlobalSection(ProjectConfigurationPlatforms) = postSolution
		{04B58961-2DDF-4DAE-A005-DA390F83CE54}.Debug|Any CPU.ActiveCfg = Debug|Any CPU
		{04B58961-2DDF-4DAE-A005-DA390F83CE54}.Debug|Any CPU.Build.0 = Debug|Any CPU
		{04B58961-2DDF-4DAE-A005-DA390F83CE54}.Release|Any CPU.ActiveCfg = Release|Any CPU
		{04B58961-2DDF-4DAE-A005-DA390F83CE54}.Release|Any CPU.Build.0 = Release|Any CPU
		{58C6567E-4350-47F0-89BB-4AB6FE9ABEF2}.Debug|Any CPU.ActiveCfg = Debug|Any CPU
		{58C6567E-4350-47F0-89BB-4AB6FE9ABEF2}.Debug|Any CPU.Build.0 = Debug|Any CPU
		{58C6567E-4350-47F0-89BB-4AB6FE9ABEF2}.Release|Any CPU.ActiveCfg = Release|Any CPU
		{58C6567E-4350-47F0-89BB-4AB6FE9ABEF2}.Release|Any CPU.Build.0 = Release|Any CPU
		{93720F60-BECF-4C7B-BE08-D1F18413993D}.Debug|Any CPU.ActiveCfg = Debug|Any CPU
		{93720F60-BECF-4C7B-BE08-D1F18413993D}.Debug|Any CPU.Build.0 = Debug|Any CPU
		{93720F60-BECF-4C7B-BE08-D1F18413993D}.Release|Any CPU.ActiveCfg = Release|Any CPU
		{93720F60-BECF-4C7B-BE08-D1F18413993D}.Release|Any CPU.Build.0 = Release|Any CPU
		{42647367-6A27-4ED1-91C1-EA08A55199CF}.Debug|Any CPU.ActiveCfg = Debug|Any CPU
		{42647367-6A27-4ED1-91C1-EA08A55199CF}.Debug|Any CPU.Build.0 = Debug|Any CPU
		{42647367-6A27-4ED1-91C1-EA08A55199CF}.Release|Any CPU.ActiveCfg = Release|Any CPU
		{42647367-6A27-4ED1-91C1-EA08A55199CF}.Release|Any CPU.Build.0 = Release|Any CPU
		{7911024E-5BF4-4119-A3EB-CCA966DF30D5}.Debug|Any CPU.ActiveCfg = Debug|Any CPU
		{7911024E-5BF4-4119-A3EB-CCA966DF30D5}.Debug|Any CPU.Build.0 = Debug|Any CPU
		{7911024E-5BF4-4119-A3EB-CCA966DF30D5}.Release|Any CPU.ActiveCfg = Release|Any CPU
		{7911024E-5BF4-4119-A3EB-CCA966DF30D5}.Release|Any CPU.Build.0 = Release|Any CPU
	EndGlobalSection
EndGlobal
